<?xml version="1.0" encoding="utf-8"?>
<Project ToolsVersion="4.0" xmlns="http://schemas.microsoft.com/developer/msbuild/2003">
  <ItemGroup>
    <Filter Include="Source Files">
      <UniqueIdentifier>{4FC737F1-C7A5-4376-A066-2A32D752A2FF}</UniqueIdentifier>
      <Extensions>cpp;c;cc;cxx;def;odl;idl;hpj;bat;asm;asmx</Extensions>
    </Filter>
    <Filter Include="Header Files">
      <UniqueIdentifier>{93995380-89BD-4b04-88EB-625FBE52EBFB}</UniqueIdentifier>
      <Extensions>h;hh;hpp;hxx;hm;inl;inc;ipp;xsd</Extensions>
    </Filter>
    <Filter Include="Resource Files">
      <UniqueIdentifier>{67DA6AB6-F800-4c08-8B7A-83BB121AAD01}</UniqueIdentifier>
      <Extensions>rc;ico;cur;bmp;dlg;rc2;rct;bin;rgs;gif;jpg;jpeg;jpe;resx;tiff;tif;png;wav;mfcribbon-ms</Extensions>
    </Filter>
    <Filter Include="Source Files\Scene1">
      <UniqueIdentifier>{770fe96a-7c06-42bd-adb5-17469f9aac99}</UniqueIdentifier>
    </Filter>
    <Filter Include="Source Files\Scene2">
      <UniqueIdentifier>{c0383da2-357d-4f74-8adb-8e9a2370877f}</UniqueIdentifier>
    </Filter>
    <Filter Include="Source Files\Normalmapping">
      <UniqueIdentifier>{2b934829-472f-4470-be9a-3a2926c4cb66}</UniqueIdentifier>
    </Filter>
    <Filter Include="Source Files\Scene3">
      <UniqueIdentifier>{e860237f-126b-48f0-baea-777bc6a483c4}</UniqueIdentifier>
    </Filter>
    <Filter Include="Source Files\Scene4">
      <UniqueIdentifier>{9845b7e9-be61-4f08-ac83-ee3098eece73}</UniqueIdentifier>
    </Filter>
    <Filter Include="Source Files\Scene5">
      <UniqueIdentifier>{d36fa70c-e307-4939-a8ed-13f430891b01}</UniqueIdentifier>
    </Filter>
    <Filter Include="Source Files\Scene6">
      <UniqueIdentifier>{7238fa4c-4a87-43f0-9b1a-23c17d56d6a0}</UniqueIdentifier>
    </Filter>
    <Filter Include="Source Files\MovementScene">
      <UniqueIdentifier>{f554cf03-68c7-4b92-b4e4-141391154cbe}</UniqueIdentifier>
    </Filter>
  </ItemGroup>
  <ItemGroup>
    <ClCompile Include="main.cpp">
      <Filter>Source Files</Filter>
    </ClCompile>
    <ClCompile Include="glad.c">
      <Filter>Source Files</Filter>
    </ClCompile>
    <ClCompile Include="shaderReader.cpp">
      <Filter>Source Files</Filter>
    </ClCompile>
    <ClCompile Include="objReader.cpp">
      <Filter>Source Files</Filter>
    </ClCompile>
    <ClCompile Include="textureLoader.cpp">
      <Filter>Source Files</Filter>
    </ClCompile>
    <ClCompile Include="scene1.cpp">
      <Filter>Source Files\Scene1</Filter>
    </ClCompile>
    <ClCompile Include="scene2.cpp">
      <Filter>Source Files\Scene2</Filter>
    </ClCompile>
    <ClCompile Include="camera.cpp">
      <Filter>Source Files</Filter>
    </ClCompile>
    <ClCompile Include="camera.h">
      <Filter>Header Files</Filter>
    </ClCompile>
    <ClCompile Include="structs.cpp">
      <Filter>Source Files</Filter>
    </ClCompile>
    <ClCompile Include="graphicsController.cpp">
      <Filter>Source Files</Filter>
    </ClCompile>
    <ClCompile Include="normalmap.cpp">
      <Filter>Source Files\Normalmapping</Filter>
    </ClCompile>
    <ClCompile Include="scene3.cpp">
      <Filter>Source Files\Scene3</Filter>
    </ClCompile>
    <ClCompile Include="sceneHelpers.cpp">
      <Filter>Source Files</Filter>
    </ClCompile>
    <ClCompile Include="scene4.cpp">
      <Filter>Source Files\Scene4</Filter>
    </ClCompile>
    <ClCompile Include="scene5.cpp">
      <Filter>Source Files\Scene5</Filter>
    </ClCompile>
    <ClCompile Include="scene6.cpp">
      <Filter>Source Files\Scene6</Filter>
    </ClCompile>
    <ClCompile Include="movementScene.cpp">
      <Filter>Source Files\MovementScene</Filter>
    </ClCompile>
  </ItemGroup>
  <ItemGroup>
    <None Include="antialias-post.frag">
      <Filter>Source Files</Filter>
    </None>
    <None Include="scene1.frag">
      <Filter>Source Files\Scene1</Filter>
    </None>
    <None Include="scene1.vert">
      <Filter>Source Files\Scene1</Filter>
    </None>
    <None Include="post.vert">
      <Filter>Source Files</Filter>
    </None>
    <None Include="scene2.frag">
      <Filter>Source Files\Scene2</Filter>
    </None>
    <None Include="scene2.vert">
      <Filter>Source Files\Scene2</Filter>
    </None>
    <None Include="post2.frag">
      <Filter>Source Files\Scene2</Filter>
    </None>
    <None Include="normalmap.frag">
      <Filter>Source Files\Normalmapping</Filter>
    </None>
    <None Include="normalmap.vert">
      <Filter>Source Files\Normalmapping</Filter>
    </None>
    <None Include="scene3.frag">
      <Filter>Source Files\Scene3</Filter>
    </None>
    <None Include="scene3.vert">
      <Filter>Source Files\Scene3</Filter>
    </None>
    <None Include="scene4.frag">
      <Filter>Source Files\Scene4</Filter>
    </None>
    <None Include="scene4.vert">
      <Filter>Source Files\Scene4</Filter>
    </None>
    <None Include="scene5.frag">
      <Filter>Source Files\Scene5</Filter>
    </None>
    <None Include="scene5.vert">
      <Filter>Source Files\Scene5</Filter>
    </None>
    <None Include="scene6.frag">
      <Filter>Source Files\Scene6</Filter>
    </None>
    <None Include="scene6.vert">
      <Filter>Source Files\Scene6</Filter>
    </None>
    <None Include="movementScene.frag">
      <Filter>Source Files\MovementScene</Filter>
    </None>
    <None Include="movementScene.vert">
      <Filter>Source Files\MovementScene</Filter>
    </None>
    <None Include="movementScene.post.frag">
      <Filter>Source Files\MovementScene</Filter>
    </None>
  </ItemGroup>
  <ItemGroup>
    <ClInclude Include="shaderReader.h">
      <Filter>Header Files</Filter>
    </ClInclude>
    <ClInclude Include="structs.h">
      <Filter>Header Files</Filter>
    </ClInclude>
    <ClInclude Include="objReader.h">
      <Filter>Header Files</Filter>
    </ClInclude>
    <ClInclude Include="stb_image.h">
      <Filter>Header Files</Filter>
    </ClInclude>
    <ClInclude Include="scene1.h">
      <Filter>Header Files</Filter>
    </ClInclude>
    <ClInclude Include="scene2.h">
      <Filter>Header Files</Filter>
    </ClInclude>
    <ClInclude Include="graphicsController.h">
      <Filter>Header Files</Filter>
    </ClInclude>
    <ClInclude Include="textureLoader.h">
      <Filter>Header Files</Filter>
    </ClInclude>
    <ClInclude Include="libraries\glfw3.h">
      <Filter>Header Files</Filter>
    </ClInclude>
    <ClInclude Include="normalmap.h">
      <Filter>Header Files</Filter>
    </ClInclude>
    <ClInclude Include="scene3.h">
      <Filter>Header Files</Filter>
    </ClInclude>
    <ClInclude Include="sceneHelpers.h">
      <Filter>Header Files</Filter>
    </ClInclude>
    <ClInclude Include="scene4.h">
      <Filter>Header Files</Filter>
    </ClInclude>
    <ClInclude Include="scene5.h">
      <Filter>Header Files</Filter>
    </ClInclude>
    <ClInclude Include="scene6.h">
      <Filter>Header Files</Filter>
    </ClInclude>
    <ClInclude Include="movementScene.h">
      <Filter>Header Files</Filter>
    </ClInclude>
  </ItemGroup>
</Project>