<?xml version="1.0" encoding="utf-8"?>
<Project ToolsVersion="4.0" xmlns="http://schemas.microsoft.com/developer/msbuild/2003">
  <ItemGroup>
    <Filter Include="Source Files">
      <UniqueIdentifier>{4FC737F1-C7A5-4376-A066-2A32D752A2FF}</UniqueIdentifier>
      <Extensions>cpp;c;cc;cxx;def;odl;idl;hpj;bat;asm;asmx</Extensions>
    </Filter>
    <Filter Include="Header Files">
      <UniqueIdentifier>{93995380-89BD-4b04-88EB-625FBE52EBFB}</UniqueIdentifier>
      <Extensions>h;hh;hpp;hxx;hm;inl;inc;ipp;xsd</Extensions>
    </Filter>
    <Filter Include="Resource Files">
      <UniqueIdentifier>{67DA6AB6-F800-4c08-8B7A-83BB121AAD01}</UniqueIdentifier>
      <Extensions>rc;ico;cur;bmp;dlg;rc2;rct;bin;rgs;gif;jpg;jpeg;jpe;resx;tiff;tif;png;wav;mfcribbon-ms</Extensions>
    </Filter>
    <Filter Include="Source Files\Scene1">
      <UniqueIdentifier>{770fe96a-7c06-42bd-adb5-17469f9aac99}</UniqueIdentifier>
    </Filter>
    <Filter Include="Source Files\Normalmapping">
      <UniqueIdentifier>{2b934829-472f-4470-be9a-3a2926c4cb66}</UniqueIdentifier>
    </Filter>
    <Filter Include="Source Files\MovementScene">
      <UniqueIdentifier>{f554cf03-68c7-4b92-b4e4-141391154cbe}</UniqueIdentifier>
    </Filter>
    <Filter Include="Source Files\Intro">
      <UniqueIdentifier>{c0383da2-357d-4f74-8adb-8e9a2370877f}</UniqueIdentifier>
    </Filter>
    <Filter Include="Source Files\Weights">
      <UniqueIdentifier>{e860237f-126b-48f0-baea-777bc6a483c4}</UniqueIdentifier>
    </Filter>
    <Filter Include="Source Files\Escapement">
      <UniqueIdentifier>{9845b7e9-be61-4f08-ac83-ee3098eece73}</UniqueIdentifier>
    </Filter>
    <Filter Include="Source Files\RaymarchedCogs">
      <UniqueIdentifier>{d36fa70c-e307-4939-a8ed-13f430891b01}</UniqueIdentifier>
    </Filter>
    <Filter Include="Source Files\TrippyCogs">
      <UniqueIdentifier>{7238fa4c-4a87-43f0-9b1a-23c17d56d6a0}</UniqueIdentifier>
    </Filter>
  </ItemGroup>
  <ItemGroup>
    <ClCompile Include="main.cpp">
      <Filter>Source Files</Filter>
    </ClCompile>
    <ClCompile Include="glad.c">
      <Filter>Source Files</Filter>
    </ClCompile>
    <ClCompile Include="shaderReader.cpp">
      <Filter>Source Files</Filter>
    </ClCompile>
    <ClCompile Include="objReader.cpp">
      <Filter>Source Files</Filter>
    </ClCompile>
    <ClCompile Include="textureLoader.cpp">
      <Filter>Source Files</Filter>
    </ClCompile>
    <ClCompile Include="scene1.cpp">
      <Filter>Source Files\Scene1</Filter>
    </ClCompile>
    <ClCompile Include="camera.cpp">
      <Filter>Source Files</Filter>
    </ClCompile>
    <ClCompile Include="camera.h">
      <Filter>Header Files</Filter>
    </ClCompile>
    <ClCompile Include="structs.cpp">
      <Filter>Source Files</Filter>
    </ClCompile>
    <ClCompile Include="graphicsController.cpp">
      <Filter>Source Files</Filter>
    </ClCompile>
    <ClCompile Include="normalmap.cpp">
      <Filter>Source Files\Normalmapping</Filter>
    </ClCompile>
    <ClCompile Include="sceneHelpers.cpp">
      <Filter>Source Files</Filter>
    </ClCompile>
    <ClCompile Include="movementScene.cpp">
      <Filter>Source Files\MovementScene</Filter>
    </ClCompile>
    <ClCompile Include="introScene.cpp">
      <Filter>Source Files\Intro</Filter>
    </ClCompile>
    <ClCompile Include="weightsScene.cpp">
      <Filter>Source Files\Weights</Filter>
    </ClCompile>
    <ClCompile Include="trippyCogsScene.cpp">
      <Filter>Source Files\TrippyCogs</Filter>
    </ClCompile>
    <ClCompile Include="raymarchedCogsScene.cpp">
      <Filter>Source Files\RaymarchedCogs</Filter>
    </ClCompile>
    <ClCompile Include="escapementScene.cpp">
      <Filter>Source Files\Escapement</Filter>
    </ClCompile>
  </ItemGroup>
  <ItemGroup>
    <None Include="antialias-post.frag">
      <Filter>Source Files</Filter>
    </None>
    <None Include="scene1.frag">
      <Filter>Source Files\Scene1</Filter>
    </None>
    <None Include="scene1.vert">
      <Filter>Source Files\Scene1</Filter>
    </None>
    <None Include="post.vert">
      <Filter>Source Files</Filter>
    </None>
    <None Include="normalmap.frag">
      <Filter>Source Files\Normalmapping</Filter>
    </None>
    <None Include="normalmap.vert">
      <Filter>Source Files\Normalmapping</Filter>
    </None>
    <None Include="movementScene.frag">
      <Filter>Source Files\MovementScene</Filter>
    </None>
    <None Include="movementScene.vert">
      <Filter>Source Files\MovementScene</Filter>
    </None>
    <None Include="movementScene.post.frag">
      <Filter>Source Files\MovementScene</Filter>
    </None>
    <None Include="intro.frag">
      <Filter>Source Files\Intro</Filter>
    </None>
    <None Include="intro.vert">
      <Filter>Source Files\Intro</Filter>
    </None>
    <None Include="intro.post.frag">
      <Filter>Source Files\Intro</Filter>
    </None>
    <None Include="weights.frag">
      <Filter>Source Files\Weights</Filter>
    </None>
    <None Include="weights.vert">
      <Filter>Source Files\Weights</Filter>
    </None>
    <None Include="escapement.frag">
      <Filter>Source Files\Escapement</Filter>
    </None>
    <None Include="escapement.vert">
      <Filter>Source Files\Escapement</Filter>
    </None>
    <None Include="raymarchedCogs.frag">
      <Filter>Source Files\RaymarchedCogs</Filter>
    </None>
    <None Include="raymarchedCogs.vert">
      <Filter>Source Files\RaymarchedCogs</Filter>
    </None>
    <None Include="trippyCogs.frag">
      <Filter>Source Files\TrippyCogs</Filter>
    </None>
    <None Include="trippyCogs.vert">
      <Filter>Source Files\TrippyCogs</Filter>
    </None>
  </ItemGroup>
  <ItemGroup>
    <ClInclude Include="shaderReader.h">
      <Filter>Header Files</Filter>
    </ClInclude>
    <ClInclude Include="structs.h">
      <Filter>Header Files</Filter>
    </ClInclude>
    <ClInclude Include="objReader.h">
      <Filter>Header Files</Filter>
    </ClInclude>
    <ClInclude Include="stb_image.h">
      <Filter>Header Files</Filter>
    </ClInclude>
    <ClInclude Include="scene1.h">
      <Filter>Header Files</Filter>
    </ClInclude>
    <ClInclude Include="graphicsController.h">
      <Filter>Header Files</Filter>
    </ClInclude>
    <ClInclude Include="textureLoader.h">
      <Filter>Header Files</Filter>
    </ClInclude>
    <ClInclude Include="libraries\glfw3.h">
      <Filter>Header Files</Filter>
    </ClInclude>
    <ClInclude Include="normalmap.h">
      <Filter>Header Files</Filter>
    </ClInclude>
    <ClInclude Include="sceneHelpers.h">
      <Filter>Header Files</Filter>
    </ClInclude>
    <ClInclude Include="movementScene.h">
      <Filter>Header Files</Filter>
    </ClInclude>
    <ClInclude Include="introScene.h">
      <Filter>Header Files</Filter>
    </ClInclude>
    <ClInclude Include="weightsScene.h">
      <Filter>Header Files</Filter>
    </ClInclude>
    <ClInclude Include="escapementScene.h">
      <Filter>Header Files</Filter>
    </ClInclude>
    <ClInclude Include="raymarchedCogsScene.h">
      <Filter>Header Files</Filter>
    </ClInclude>
    <ClInclude Include="trippyCogsScene.h">
      <Filter>Header Files</Filter>
    </ClInclude>
  </ItemGroup>
</Project>